
Microsoft Visual Studio Solution File, Format Version 12.00
# Visual Studio Version 17
VisualStudioVersion = 17.2.32526.322
MinimumVisualStudioVersion = 10.0.40219.1
Project("{FAE04EC0-301F-11D3-BF4B-00C04F79EFBC}") = "算法连接测试", "算法连接测试\算法连接测试.csproj", "{F2C91BE9-7A18-47FC-8A8A-BE60ECA229BF}"
EndProject
Global
	GlobalSection(SolutionConfigurationPlatforms) = preSolution
		Debug|Any CPU = Debug|Any CPU
		Release|Any CPU = Release|Any CPU
	EndGlobalSection
	GlobalSection(ProjectConfigurationPlatforms) = postSolution
		{F2C91BE9-7A18-47FC-8A8A-BE60ECA229BF}.Debug|Any CPU.ActiveCfg = Debug|Any CPU
		{F2C91BE9-7A18-47FC-8A8A-BE60ECA229BF}.Debug|Any CPU.Build.0 = Debug|Any CPU
		{F2C91BE9-7A18-47FC-8A8A-BE60ECA229BF}.Release|Any CPU.ActiveCfg = Release|Any CPU
		{F2C91BE9-7A18-47FC-8A8A-BE60ECA229BF}.Release|Any CPU.Build.0 = Release|Any CPU
	EndGlobalSection
	GlobalSection(SolutionProperties) = preSolution
		HideSolutionNode = FALSE
	EndGlobalSection
	GlobalSection(ExtensibilityGlobals) = postSolution
		SolutionGuid = {23208F06-9B37-4090-8BC5-6BD0042C6D00}
	EndGlobalSection
EndGlobal
