
Microsoft Visual Studio Solution File, Format Version 12.00
# Visual Studio Version 16
VisualStudioVersion = 16.0.31624.102
MinimumVisualStudioVersion = 10.0.40219.1
Project("{FAE04EC0-301F-11D3-BF4B-00C04F79EFBC}") = "协程测试", "协程测试\协程测试.csproj", "{68589FB8-A3C8-40B6-8C79-D87B96D26722}"
EndProject
Global
	GlobalSection(SolutionConfigurationPlatforms) = preSolution
		Debug|Any CPU = Debug|Any CPU
		Release|Any CPU = Release|Any CPU
	EndGlobalSection
	GlobalSection(ProjectConfigurationPlatforms) = postSolution
		{68589FB8-A3C8-40B6-8C79-D87B96D26722}.Debug|Any CPU.ActiveCfg = Debug|Any CPU
		{68589FB8-A3C8-40B6-8C79-D87B96D26722}.Debug|Any CPU.Build.0 = Debug|Any CPU
		{68589FB8-A3C8-40B6-8C79-D87B96D26722}.Release|Any CPU.ActiveCfg = Release|Any CPU
		{68589FB8-A3C8-40B6-8C79-D87B96D26722}.Release|Any CPU.Build.0 = Release|Any CPU
	EndGlobalSection
	GlobalSection(SolutionProperties) = preSolution
		HideSolutionNode = FALSE
	EndGlobalSection
	GlobalSection(ExtensibilityGlobals) = postSolution
		SolutionGuid = {30ECD4E3-048A-4181-9039-AE934E59454D}
	EndGlobalSection
EndGlobal
