
Microsoft Visual Studio Solution File, Format Version 12.00
# Visual Studio Version 16
VisualStudioVersion = 16.0.31624.102
MinimumVisualStudioVersion = 10.0.40219.1
Project("{FAE04EC0-301F-11D3-BF4B-00C04F79EFBC}") = "简单登录窗口2", "简单登录窗口2\简单登录窗口2.csproj", "{08F073A4-B1D7-4C57-95F0-8E1E4AFE9E28}"
	ProjectSection(ProjectDependencies) = postProject
		{6B007944-AF90-4913-AEE8-AB81E77DBFA7} = {6B007944-AF90-4913-AEE8-AB81E77DBFA7}
	EndProjectSection
EndProject
Project("{9A19103F-16F7-4668-BE54-9A1E7A4F7556}") = "NetComLibV3", "H:\fll3d_support\subgamelib\NetComLibV3\NetComLib\NetComLibV3.csproj", "{6B007944-AF90-4913-AEE8-AB81E77DBFA7}"
EndProject
Global
	GlobalSection(SolutionConfigurationPlatforms) = preSolution
		Debug|Any CPU = Debug|Any CPU
		Release|Any CPU = Release|Any CPU
	EndGlobalSection
	GlobalSection(ProjectConfigurationPlatforms) = postSolution
		{08F073A4-B1D7-4C57-95F0-8E1E4AFE9E28}.Debug|Any CPU.ActiveCfg = Debug|Any CPU
		{08F073A4-B1D7-4C57-95F0-8E1E4AFE9E28}.Debug|Any CPU.Build.0 = Debug|Any CPU
		{08F073A4-B1D7-4C57-95F0-8E1E4AFE9E28}.Release|Any CPU.ActiveCfg = Release|Any CPU
		{08F073A4-B1D7-4C57-95F0-8E1E4AFE9E28}.Release|Any CPU.Build.0 = Release|Any CPU
		{6B007944-AF90-4913-AEE8-AB81E77DBFA7}.Debug|Any CPU.ActiveCfg = Debug|Any CPU
		{6B007944-AF90-4913-AEE8-AB81E77DBFA7}.Debug|Any CPU.Build.0 = Debug|Any CPU
		{6B007944-AF90-4913-AEE8-AB81E77DBFA7}.Release|Any CPU.ActiveCfg = Release|Any CPU
		{6B007944-AF90-4913-AEE8-AB81E77DBFA7}.Release|Any CPU.Build.0 = Release|Any CPU
	EndGlobalSection
	GlobalSection(SolutionProperties) = preSolution
		HideSolutionNode = FALSE
	EndGlobalSection
	GlobalSection(ExtensibilityGlobals) = postSolution
		SolutionGuid = {03001907-5719-4379-9BFD-9A731D889F09}
	EndGlobalSection
EndGlobal
