
Microsoft Visual Studio Solution File, Format Version 12.00
# Visual Studio Version 16
VisualStudioVersion = 16.0.31313.79
MinimumVisualStudioVersion = 10.0.40219.1
Project("{FAE04EC0-301F-11D3-BF4B-00C04F79EFBC}") = "xmlrpcnet_Test", "xmlrpcnet_Test\xmlrpcnet_Test.csproj", "{8CB045B5-FA72-457B-8594-F73DBB159996}"
EndProject
Global
	GlobalSection(SolutionConfigurationPlatforms) = preSolution
		Debug|Any CPU = Debug|Any CPU
		Release|Any CPU = Release|Any CPU
	EndGlobalSection
	GlobalSection(ProjectConfigurationPlatforms) = postSolution
		{8CB045B5-FA72-457B-8594-F73DBB159996}.Debug|Any CPU.ActiveCfg = Debug|Any CPU
		{8CB045B5-FA72-457B-8594-F73DBB159996}.Debug|Any CPU.Build.0 = Debug|Any CPU
		{8CB045B5-FA72-457B-8594-F73DBB159996}.Release|Any CPU.ActiveCfg = Release|Any CPU
		{8CB045B5-FA72-457B-8594-F73DBB159996}.Release|Any CPU.Build.0 = Release|Any CPU
	EndGlobalSection
	GlobalSection(SolutionProperties) = preSolution
		HideSolutionNode = FALSE
	EndGlobalSection
	GlobalSection(ExtensibilityGlobals) = postSolution
		SolutionGuid = {AF613FEA-5429-4DA5-86B4-62ED46D44646}
	EndGlobalSection
EndGlobal
