
Microsoft Visual Studio Solution File, Format Version 12.00
# Visual Studio Version 17
VisualStudioVersion = 17.2.32526.322
MinimumVisualStudioVersion = 10.0.40219.1
Project("{FAE04EC0-301F-11D3-BF4B-00C04F79EFBC}") = "算法界面", "算法界面\算法界面.csproj", "{5BECB097-FA3E-4D5F-933E-ECAED4EB0F3B}"
EndProject
Global
	GlobalSection(SolutionConfigurationPlatforms) = preSolution
		Debug|Any CPU = Debug|Any CPU
		Release|Any CPU = Release|Any CPU
	EndGlobalSection
	GlobalSection(ProjectConfigurationPlatforms) = postSolution
		{5BECB097-FA3E-4D5F-933E-ECAED4EB0F3B}.Debug|Any CPU.ActiveCfg = Debug|Any CPU
		{5BECB097-FA3E-4D5F-933E-ECAED4EB0F3B}.Debug|Any CPU.Build.0 = Debug|Any CPU
		{5BECB097-FA3E-4D5F-933E-ECAED4EB0F3B}.Release|Any CPU.ActiveCfg = Release|Any CPU
		{5BECB097-FA3E-4D5F-933E-ECAED4EB0F3B}.Release|Any CPU.Build.0 = Release|Any CPU
	EndGlobalSection
	GlobalSection(SolutionProperties) = preSolution
		HideSolutionNode = FALSE
	EndGlobalSection
	GlobalSection(ExtensibilityGlobals) = postSolution
		SolutionGuid = {8AC74F54-C466-4A8D-A5DC-80A533C5C76A}
	EndGlobalSection
EndGlobal
