
Microsoft Visual Studio Solution File, Format Version 12.00
# Visual Studio Version 16
VisualStudioVersion = 16.0.31313.79
MinimumVisualStudioVersion = 10.0.40219.1
Project("{8BC9CEB8-8B4A-11D0-8D11-00A0C91BC942}") = "AndroidTest", "AndroidTest\AndroidTest.vcxitems", "{EF8DF4C1-885B-458E-991D-F545FC1A7C11}"
EndProject
Global
	GlobalSection(SolutionProperties) = preSolution
		HideSolutionNode = FALSE
	EndGlobalSection
	GlobalSection(ExtensibilityGlobals) = postSolution
		SolutionGuid = {2D767A36-E91B-4084-A414-2E3FA87B9B59}
	EndGlobalSection
EndGlobal
