
Microsoft Visual Studio Solution File, Format Version 12.00
# Visual Studio Version 17
VisualStudioVersion = 17.1.32328.378
MinimumVisualStudioVersion = 10.0.40219.1
Project("{FAE04EC0-301F-11D3-BF4B-00C04F79EFBC}") = "简单登录窗口", "简单登录窗口\简单登录窗口.csproj", "{226DB853-CB3D-40F9-A76F-AE5E007D1788}"
	ProjectSection(ProjectDependencies) = postProject
		{C5FB490A-6864-4DB2-A5D2-A16ABE6DA3FD} = {C5FB490A-6864-4DB2-A5D2-A16ABE6DA3FD}
	EndProjectSection
EndProject
Project("{9A19103F-16F7-4668-BE54-9A1E7A4F7556}") = "NetComLibV3", "H:\fll3d_support\subgamelib\NetComLibV3\NetComLib\NetComLibV3.csproj", "{C5FB490A-6864-4DB2-A5D2-A16ABE6DA3FD}"
EndProject
Global
	GlobalSection(SolutionConfigurationPlatforms) = preSolution
		Debug|Any CPU = Debug|Any CPU
		Release|Any CPU = Release|Any CPU
	EndGlobalSection
	GlobalSection(ProjectConfigurationPlatforms) = postSolution
		{226DB853-CB3D-40F9-A76F-AE5E007D1788}.Debug|Any CPU.ActiveCfg = Debug|Any CPU
		{226DB853-CB3D-40F9-A76F-AE5E007D1788}.Debug|Any CPU.Build.0 = Debug|Any CPU
		{226DB853-CB3D-40F9-A76F-AE5E007D1788}.Release|Any CPU.ActiveCfg = Release|Any CPU
		{226DB853-CB3D-40F9-A76F-AE5E007D1788}.Release|Any CPU.Build.0 = Release|Any CPU
		{C5FB490A-6864-4DB2-A5D2-A16ABE6DA3FD}.Debug|Any CPU.ActiveCfg = Debug|Any CPU
		{C5FB490A-6864-4DB2-A5D2-A16ABE6DA3FD}.Debug|Any CPU.Build.0 = Debug|Any CPU
		{C5FB490A-6864-4DB2-A5D2-A16ABE6DA3FD}.Release|Any CPU.ActiveCfg = Release|Any CPU
		{C5FB490A-6864-4DB2-A5D2-A16ABE6DA3FD}.Release|Any CPU.Build.0 = Release|Any CPU
	EndGlobalSection
	GlobalSection(SolutionProperties) = preSolution
		HideSolutionNode = FALSE
	EndGlobalSection
	GlobalSection(ExtensibilityGlobals) = postSolution
		SolutionGuid = {185E28A6-6CA6-4618-8E47-42EFB3805F75}
	EndGlobalSection
EndGlobal
