
Microsoft Visual Studio Solution File, Format Version 12.00
# Visual Studio Version 16
VisualStudioVersion = 16.0.31624.102
MinimumVisualStudioVersion = 10.0.40219.1
Project("{FAE04EC0-301F-11D3-BF4B-00C04F79EFBC}") = "进程调用测试", "进程调用测试\进程调用测试.csproj", "{19C69E6C-01F9-449E-8A6F-E6324F041CD9}"
EndProject
Project("{FAE04EC0-301F-11D3-BF4B-00C04F79EFBC}") = "子进程", "子进程\子进程.csproj", "{81C30C11-4F57-4CBE-BC27-0270BC303467}"
EndProject
Global
	GlobalSection(SolutionConfigurationPlatforms) = preSolution
		Debug|Any CPU = Debug|Any CPU
		Release|Any CPU = Release|Any CPU
	EndGlobalSection
	GlobalSection(ProjectConfigurationPlatforms) = postSolution
		{19C69E6C-01F9-449E-8A6F-E6324F041CD9}.Debug|Any CPU.ActiveCfg = Debug|Any CPU
		{19C69E6C-01F9-449E-8A6F-E6324F041CD9}.Debug|Any CPU.Build.0 = Debug|Any CPU
		{19C69E6C-01F9-449E-8A6F-E6324F041CD9}.Release|Any CPU.ActiveCfg = Release|Any CPU
		{19C69E6C-01F9-449E-8A6F-E6324F041CD9}.Release|Any CPU.Build.0 = Release|Any CPU
		{81C30C11-4F57-4CBE-BC27-0270BC303467}.Debug|Any CPU.ActiveCfg = Debug|Any CPU
		{81C30C11-4F57-4CBE-BC27-0270BC303467}.Debug|Any CPU.Build.0 = Debug|Any CPU
		{81C30C11-4F57-4CBE-BC27-0270BC303467}.Release|Any CPU.ActiveCfg = Release|Any CPU
		{81C30C11-4F57-4CBE-BC27-0270BC303467}.Release|Any CPU.Build.0 = Release|Any CPU
	EndGlobalSection
	GlobalSection(SolutionProperties) = preSolution
		HideSolutionNode = FALSE
	EndGlobalSection
	GlobalSection(ExtensibilityGlobals) = postSolution
		SolutionGuid = {C8410F1B-FFCD-4868-8372-F267C45F1F73}
	EndGlobalSection
EndGlobal
