
Microsoft Visual Studio Solution File, Format Version 12.00
# Visual Studio Version 16
VisualStudioVersion = 16.0.31624.102
MinimumVisualStudioVersion = 10.0.40219.1
Project("{8BC9CEB8-8B4A-11D0-8D11-00A0C91BC942}") = "Project2", "Project2\Project2.vcxproj", "{05F72EA4-CEE0-46E6-8C5F-686EA1E97017}"
EndProject
Global
	GlobalSection(SolutionConfigurationPlatforms) = preSolution
		Debug|x64 = Debug|x64
		Debug|x86 = Debug|x86
		Release|x64 = Release|x64
		Release|x86 = Release|x86
	EndGlobalSection
	GlobalSection(ProjectConfigurationPlatforms) = postSolution
		{05F72EA4-CEE0-46E6-8C5F-686EA1E97017}.Debug|x64.ActiveCfg = Debug|x64
		{05F72EA4-CEE0-46E6-8C5F-686EA1E97017}.Debug|x64.Build.0 = Debug|x64
		{05F72EA4-CEE0-46E6-8C5F-686EA1E97017}.Debug|x86.ActiveCfg = Debug|Win32
		{05F72EA4-CEE0-46E6-8C5F-686EA1E97017}.Debug|x86.Build.0 = Debug|Win32
		{05F72EA4-CEE0-46E6-8C5F-686EA1E97017}.Release|x64.ActiveCfg = Release|x64
		{05F72EA4-CEE0-46E6-8C5F-686EA1E97017}.Release|x64.Build.0 = Release|x64
		{05F72EA4-CEE0-46E6-8C5F-686EA1E97017}.Release|x86.ActiveCfg = Release|Win32
		{05F72EA4-CEE0-46E6-8C5F-686EA1E97017}.Release|x86.Build.0 = Release|Win32
	EndGlobalSection
	GlobalSection(SolutionProperties) = preSolution
		HideSolutionNode = FALSE
	EndGlobalSection
	GlobalSection(ExtensibilityGlobals) = postSolution
		SolutionGuid = {2696862D-3FD8-424F-B3CD-929D01C5F197}
	EndGlobalSection
EndGlobal
