
Microsoft Visual Studio Solution File, Format Version 12.00
# Visual Studio Version 16
VisualStudioVersion = 16.0.31313.79
MinimumVisualStudioVersion = 10.0.40219.1
Project("{FAE04EC0-301F-11D3-BF4B-00C04F79EFBC}") = "Test02", "Test02\Test02.csproj", "{124CF345-3AF3-4E0D-999D-FFADDB70D466}"
EndProject
Global
	GlobalSection(SolutionConfigurationPlatforms) = preSolution
		Debug|Any CPU = Debug|Any CPU
		Release|Any CPU = Release|Any CPU
	EndGlobalSection
	GlobalSection(ProjectConfigurationPlatforms) = postSolution
		{124CF345-3AF3-4E0D-999D-FFADDB70D466}.Debug|Any CPU.ActiveCfg = Debug|Any CPU
		{124CF345-3AF3-4E0D-999D-FFADDB70D466}.Debug|Any CPU.Build.0 = Debug|Any CPU
		{124CF345-3AF3-4E0D-999D-FFADDB70D466}.Release|Any CPU.ActiveCfg = Release|Any CPU
		{124CF345-3AF3-4E0D-999D-FFADDB70D466}.Release|Any CPU.Build.0 = Release|Any CPU
	EndGlobalSection
	GlobalSection(SolutionProperties) = preSolution
		HideSolutionNode = FALSE
	EndGlobalSection
	GlobalSection(ExtensibilityGlobals) = postSolution
		SolutionGuid = {6BB65C1C-82E8-4A9D-BF09-68CD5BD20039}
	EndGlobalSection
EndGlobal
