
Microsoft Visual Studio Solution File, Format Version 12.00
# Visual Studio Version 16
VisualStudioVersion = 16.0.31624.102
MinimumVisualStudioVersion = 10.0.40219.1
Project("{FAE04EC0-301F-11D3-BF4B-00C04F79EFBC}") = "test_dotnet_2_1", "test_dotnet_2_1\test_dotnet_2_1.csproj", "{ABD9547F-ACBD-4312-BF46-85DAE3B302AC}"
EndProject
Global
	GlobalSection(SolutionConfigurationPlatforms) = preSolution
		Debug|Any CPU = Debug|Any CPU
		Release|Any CPU = Release|Any CPU
	EndGlobalSection
	GlobalSection(ProjectConfigurationPlatforms) = postSolution
		{ABD9547F-ACBD-4312-BF46-85DAE3B302AC}.Debug|Any CPU.ActiveCfg = Debug|Any CPU
		{ABD9547F-ACBD-4312-BF46-85DAE3B302AC}.Debug|Any CPU.Build.0 = Debug|Any CPU
		{ABD9547F-ACBD-4312-BF46-85DAE3B302AC}.Release|Any CPU.ActiveCfg = Release|Any CPU
		{ABD9547F-ACBD-4312-BF46-85DAE3B302AC}.Release|Any CPU.Build.0 = Release|Any CPU
	EndGlobalSection
	GlobalSection(SolutionProperties) = preSolution
		HideSolutionNode = FALSE
	EndGlobalSection
	GlobalSection(ExtensibilityGlobals) = postSolution
		SolutionGuid = {0CE013EA-58B5-408C-ACD1-2BE22C6C696A}
	EndGlobalSection
EndGlobal
